// !$*UTF8*$!
{
	archiveVersion = 1;
	classes = {
	};
	objectVersion = 51;
	objects = {

/* Begin PBXBuildFile section */
		0AF56D410D8ECD7B6065AAB0 /* Pods_EventsTests.framework in Frameworks */ = {isa = PBXBuildFile; fileRef = 9CD05A50160000AA79B4297E /* Pods_EventsTests.framework */; };
		9174CD4823BD13190028E3E0 /* AppDelegate.swift in Sources */ = {isa = PBXBuildFile; fileRef = 9174CD4723BD13190028E3E0 /* AppDelegate.swift */; };
		9174CD5123BD131B0028E3E0 /* Assets.xcassets in Resources */ = {isa = PBXBuildFile; fileRef = 9174CD5023BD131B0028E3E0 /* Assets.xcassets */; };
		9174CD5423BD131B0028E3E0 /* LaunchScreen.storyboard in Resources */ = {isa = PBXBuildFile; fileRef = 9174CD5223BD131B0028E3E0 /* LaunchScreen.storyboard */; };
		919C584623BD848B00A82714 /* EventViewModelTests.swift in Sources */ = {isa = PBXBuildFile; fileRef = 919C584523BD848B00A82714 /* EventViewModelTests.swift */; };
		919C584E23BD85DF00A82714 /* UICollectionViewExtensions.swift in Sources */ = {isa = PBXBuildFile; fileRef = 919C584D23BD85DF00A82714 /* UICollectionViewExtensions.swift */; };
		919C585023BD85F800A82714 /* CollectionViewDataSource.swift in Sources */ = {isa = PBXBuildFile; fileRef = 919C584F23BD85F800A82714 /* CollectionViewDataSource.swift */; };
		919C585223BD874200A82714 /* UIView+LayerInspectable.swift in Sources */ = {isa = PBXBuildFile; fileRef = 919C585123BD874200A82714 /* UIView+LayerInspectable.swift */; };
		919C585423BD878100A82714 /* UIImageView+loadImage.swift in Sources */ = {isa = PBXBuildFile; fileRef = 919C585323BD878100A82714 /* UIImageView+loadImage.swift */; };
		919C585723BD87E500A82714 /* EventCollectionViewCell.swift in Sources */ = {isa = PBXBuildFile; fileRef = 919C585523BD87E500A82714 /* EventCollectionViewCell.swift */; };
		919C585823BD87E500A82714 /* EventCollectionViewCell.xib in Resources */ = {isa = PBXBuildFile; fileRef = 919C585623BD87E500A82714 /* EventCollectionViewCell.xib */; };
		919C585C23BD890800A82714 /* EventListViewModel.swift in Sources */ = {isa = PBXBuildFile; fileRef = 919C585B23BD890800A82714 /* EventListViewModel.swift */; };
		919C585E23BD895500A82714 /* EventListViewModelTests.swift in Sources */ = {isa = PBXBuildFile; fileRef = 919C585D23BD895500A82714 /* EventListViewModelTests.swift */; };
		919C586723BD8E1F00A82714 /* EventDetailViewController.swift in Sources */ = {isa = PBXBuildFile; fileRef = 919C586523BD8E1F00A82714 /* EventDetailViewController.swift */; };
		919C586823BD8E1F00A82714 /* EventDetailViewController.xib in Resources */ = {isa = PBXBuildFile; fileRef = 919C586623BD8E1F00A82714 /* EventDetailViewController.xib */; };
		919C586A23BD912900A82714 /* PersonViewModel.swift in Sources */ = {isa = PBXBuildFile; fileRef = 919C586923BD912900A82714 /* PersonViewModel.swift */; };
		919C586D23BD918B00A82714 /* PersonViewModelTests.swift in Sources */ = {isa = PBXBuildFile; fileRef = 919C586C23BD918B00A82714 /* PersonViewModelTests.swift */; };
		919C587223BD921E00A82714 /* PersonCollectionViewCell.swift in Sources */ = {isa = PBXBuildFile; fileRef = 919C587023BD921D00A82714 /* PersonCollectionViewCell.swift */; };
		919C587323BD921E00A82714 /* PersonCollectionViewCell.xib in Resources */ = {isa = PBXBuildFile; fileRef = 919C587123BD921E00A82714 /* PersonCollectionViewCell.xib */; };
		919C587723BD93EA00A82714 /* CouponViewModel.swift in Sources */ = {isa = PBXBuildFile; fileRef = 919C587623BD93EA00A82714 /* CouponViewModel.swift */; };
		91A9E47F23BD374600D02C3C /* EventsViewController.swift in Sources */ = {isa = PBXBuildFile; fileRef = 91A9E47D23BD374600D02C3C /* EventsViewController.swift */; };
		91A9E48023BD374600D02C3C /* EventsViewController.xib in Resources */ = {isa = PBXBuildFile; fileRef = 91A9E47E23BD374600D02C3C /* EventsViewController.xib */; };
		91A9E48E23BD37B600D02C3C /* Roboto-BlackItalic.ttf in Resources */ = {isa = PBXBuildFile; fileRef = 91A9E48223BD37B500D02C3C /* Roboto-BlackItalic.ttf */; };
		91A9E48F23BD37B600D02C3C /* Roboto-ThinItalic.ttf in Resources */ = {isa = PBXBuildFile; fileRef = 91A9E48323BD37B500D02C3C /* Roboto-ThinItalic.ttf */; };
		91A9E49023BD37B600D02C3C /* Roboto-Thin.ttf in Resources */ = {isa = PBXBuildFile; fileRef = 91A9E48423BD37B500D02C3C /* Roboto-Thin.ttf */; };
		91A9E49123BD37B600D02C3C /* Roboto-Regular.ttf in Resources */ = {isa = PBXBuildFile; fileRef = 91A9E48523BD37B600D02C3C /* Roboto-Regular.ttf */; };
		91A9E49223BD37B600D02C3C /* Roboto-BoldItalic.ttf in Resources */ = {isa = PBXBuildFile; fileRef = 91A9E48623BD37B600D02C3C /* Roboto-BoldItalic.ttf */; };
		91A9E49323BD37B600D02C3C /* Roboto-Black.ttf in Resources */ = {isa = PBXBuildFile; fileRef = 91A9E48723BD37B600D02C3C /* Roboto-Black.ttf */; };
		91A9E49423BD37B600D02C3C /* Roboto-Medium.ttf in Resources */ = {isa = PBXBuildFile; fileRef = 91A9E48823BD37B600D02C3C /* Roboto-Medium.ttf */; };
		91A9E49523BD37B600D02C3C /* Roboto-Italic.ttf in Resources */ = {isa = PBXBuildFile; fileRef = 91A9E48923BD37B600D02C3C /* Roboto-Italic.ttf */; };
		91A9E49623BD37B600D02C3C /* Roboto-Bold.ttf in Resources */ = {isa = PBXBuildFile; fileRef = 91A9E48A23BD37B600D02C3C /* Roboto-Bold.ttf */; };
		91A9E49723BD37B600D02C3C /* Roboto-Light.ttf in Resources */ = {isa = PBXBuildFile; fileRef = 91A9E48B23BD37B600D02C3C /* Roboto-Light.ttf */; };
		91A9E49823BD37B600D02C3C /* Roboto-LightItalic.ttf in Resources */ = {isa = PBXBuildFile; fileRef = 91A9E48C23BD37B600D02C3C /* Roboto-LightItalic.ttf */; };
		91A9E49923BD37B600D02C3C /* Roboto-MediumItalic.ttf in Resources */ = {isa = PBXBuildFile; fileRef = 91A9E48D23BD37B600D02C3C /* Roboto-MediumItalic.ttf */; };
		91A9E4A523BD3B6600D02C3C /* CheckIn.swift in Sources */ = {isa = PBXBuildFile; fileRef = 91A9E4A423BD3B6600D02C3C /* CheckIn.swift */; };
		91A9E4AB23BD3C3500D02C3C /* CheckInTests.swift in Sources */ = {isa = PBXBuildFile; fileRef = 91A9E4AA23BD3C3500D02C3C /* CheckInTests.swift */; };
		91A9E4AF23BD3D0C00D02C3C /* Event.swift in Sources */ = {isa = PBXBuildFile; fileRef = 91A9E4AE23BD3D0C00D02C3C /* Event.swift */; };
		91A9E4B323BD3D8C00D02C3C /* EventTests.swift in Sources */ = {isa = PBXBuildFile; fileRef = 91A9E4B223BD3D8C00D02C3C /* EventTests.swift */; };
		91A9E4B623BD3E2400D02C3C /* Coupon.swift in Sources */ = {isa = PBXBuildFile; fileRef = 91A9E4B523BD3E2400D02C3C /* Coupon.swift */; };
		91A9E4BA23BD3EBB00D02C3C /* CouponTests.swift in Sources */ = {isa = PBXBuildFile; fileRef = 91A9E4B923BD3EBB00D02C3C /* CouponTests.swift */; };
		91A9E4BC23BD3F3100D02C3C /* Person.swift in Sources */ = {isa = PBXBuildFile; fileRef = 91A9E4BB23BD3F3100D02C3C /* Person.swift */; };
		91A9E4BE23BD3F7100D02C3C /* PersonTests.swift in Sources */ = {isa = PBXBuildFile; fileRef = 91A9E4BD23BD3F7100D02C3C /* PersonTests.swift */; };
		91A9E4C023BD40BC00D02C3C /* EventDetail.swift in Sources */ = {isa = PBXBuildFile; fileRef = 91A9E4BF23BD40BC00D02C3C /* EventDetail.swift */; };
		91A9E4C223BD413400D02C3C /* EventDetailTests.swift in Sources */ = {isa = PBXBuildFile; fileRef = 91A9E4C123BD413400D02C3C /* EventDetailTests.swift */; };
		91A9E4CA23BD4F0F00D02C3C /* EventsApiGetEndpoint.swift in Sources */ = {isa = PBXBuildFile; fileRef = 91A9E4C923BD4F0F00D02C3C /* EventsApiGetEndpoint.swift */; };
		91A9E4CD23BD4FE500D02C3C /* EventsApiGetEndpointTests.swift in Sources */ = {isa = PBXBuildFile; fileRef = 91A9E4CC23BD4FE500D02C3C /* EventsApiGetEndpointTests.swift */; };
		91A9E4CF23BD505600D02C3C /* EventsApiPostEndpoint.swift in Sources */ = {isa = PBXBuildFile; fileRef = 91A9E4CE23BD505600D02C3C /* EventsApiPostEndpoint.swift */; };
		91A9E4D123BD50CB00D02C3C /* EventsApiPostEndpointTests.swift in Sources */ = {isa = PBXBuildFile; fileRef = 91A9E4D023BD50CB00D02C3C /* EventsApiPostEndpointTests.swift */; };
		91A9E4D323BD51DD00D02C3C /* EventsApiProvider.swift in Sources */ = {isa = PBXBuildFile; fileRef = 91A9E4D223BD51DD00D02C3C /* EventsApiProvider.swift */; };
		91A9E4D523BD520000D02C3C /* EventsApiError.swift in Sources */ = {isa = PBXBuildFile; fileRef = 91A9E4D423BD520000D02C3C /* EventsApiError.swift */; };
		91A9E4EF23BD669000D02C3C /* EventViewModel.swift in Sources */ = {isa = PBXBuildFile; fileRef = 91A9E4EE23BD669000D02C3C /* EventViewModel.swift */; };
		F7D61C8F7F2F9FC245CFC0DC /* Pods_Events.framework in Frameworks */ = {isa = PBXBuildFile; fileRef = 95BA9D4D51C2302D7D865C32 /* Pods_Events.framework */; };
/* End PBXBuildFile section */

/* Begin PBXContainerItemProxy section */
		9174CD5B23BD131B0028E3E0 /* PBXContainerItemProxy */ = {
			isa = PBXContainerItemProxy;
			containerPortal = 9174CD3C23BD13190028E3E0 /* Project object */;
			proxyType = 1;
			remoteGlobalIDString = 9174CD4323BD13190028E3E0;
			remoteInfo = Events;
		};
/* End PBXContainerItemProxy section */

/* Begin PBXFileReference section */
		4F0E9BA06379EAD323798618 /* Pods-EventsTests.debug.xcconfig */ = {isa = PBXFileReference; includeInIndex = 1; lastKnownFileType = text.xcconfig; name = "Pods-EventsTests.debug.xcconfig"; path = "Target Support Files/Pods-EventsTests/Pods-EventsTests.debug.xcconfig"; sourceTree = "<group>"; };
		55B1D922B35C1E9A3C2A2A3B /* Pods-Events.release.xcconfig */ = {isa = PBXFileReference; includeInIndex = 1; lastKnownFileType = text.xcconfig; name = "Pods-Events.release.xcconfig"; path = "Target Support Files/Pods-Events/Pods-Events.release.xcconfig"; sourceTree = "<group>"; };
		9174CD4423BD13190028E3E0 /* Events.app */ = {isa = PBXFileReference; explicitFileType = wrapper.application; includeInIndex = 0; path = Events.app; sourceTree = BUILT_PRODUCTS_DIR; };
		9174CD4723BD13190028E3E0 /* AppDelegate.swift */ = {isa = PBXFileReference; lastKnownFileType = sourcecode.swift; path = AppDelegate.swift; sourceTree = "<group>"; };
		9174CD5023BD131B0028E3E0 /* Assets.xcassets */ = {isa = PBXFileReference; lastKnownFileType = folder.assetcatalog; path = Assets.xcassets; sourceTree = "<group>"; };
		9174CD5323BD131B0028E3E0 /* Base */ = {isa = PBXFileReference; lastKnownFileType = file.storyboard; name = Base; path = Base.lproj/LaunchScreen.storyboard; sourceTree = "<group>"; };
		9174CD5523BD131B0028E3E0 /* Info.plist */ = {isa = PBXFileReference; lastKnownFileType = text.plist.xml; path = Info.plist; sourceTree = "<group>"; };
		9174CD5A23BD131B0028E3E0 /* EventsTests.xctest */ = {isa = PBXFileReference; explicitFileType = wrapper.cfbundle; includeInIndex = 0; path = EventsTests.xctest; sourceTree = BUILT_PRODUCTS_DIR; };
		9174CD6023BD131B0028E3E0 /* Info.plist */ = {isa = PBXFileReference; lastKnownFileType = text.plist.xml; path = Info.plist; sourceTree = "<group>"; };
		919C584523BD848B00A82714 /* EventViewModelTests.swift */ = {isa = PBXFileReference; lastKnownFileType = sourcecode.swift; path = EventViewModelTests.swift; sourceTree = "<group>"; };
		919C584D23BD85DF00A82714 /* UICollectionViewExtensions.swift */ = {isa = PBXFileReference; fileEncoding = 4; lastKnownFileType = sourcecode.swift; path = UICollectionViewExtensions.swift; sourceTree = "<group>"; };
		919C584F23BD85F800A82714 /* CollectionViewDataSource.swift */ = {isa = PBXFileReference; fileEncoding = 4; lastKnownFileType = sourcecode.swift; path = CollectionViewDataSource.swift; sourceTree = "<group>"; };
		919C585123BD874200A82714 /* UIView+LayerInspectable.swift */ = {isa = PBXFileReference; fileEncoding = 4; lastKnownFileType = sourcecode.swift; path = "UIView+LayerInspectable.swift"; sourceTree = "<group>"; };
		919C585323BD878100A82714 /* UIImageView+loadImage.swift */ = {isa = PBXFileReference; fileEncoding = 4; lastKnownFileType = sourcecode.swift; path = "UIImageView+loadImage.swift"; sourceTree = "<group>"; };
		919C585523BD87E500A82714 /* EventCollectionViewCell.swift */ = {isa = PBXFileReference; lastKnownFileType = sourcecode.swift; path = EventCollectionViewCell.swift; sourceTree = "<group>"; };
		919C585623BD87E500A82714 /* EventCollectionViewCell.xib */ = {isa = PBXFileReference; lastKnownFileType = file.xib; path = EventCollectionViewCell.xib; sourceTree = "<group>"; };
		919C585B23BD890800A82714 /* EventListViewModel.swift */ = {isa = PBXFileReference; lastKnownFileType = sourcecode.swift; path = EventListViewModel.swift; sourceTree = "<group>"; };
		919C585D23BD895500A82714 /* EventListViewModelTests.swift */ = {isa = PBXFileReference; lastKnownFileType = sourcecode.swift; path = EventListViewModelTests.swift; sourceTree = "<group>"; };
		919C586523BD8E1F00A82714 /* EventDetailViewController.swift */ = {isa = PBXFileReference; lastKnownFileType = sourcecode.swift; path = EventDetailViewController.swift; sourceTree = "<group>"; };
		919C586623BD8E1F00A82714 /* EventDetailViewController.xib */ = {isa = PBXFileReference; lastKnownFileType = file.xib; path = EventDetailViewController.xib; sourceTree = "<group>"; };
		919C586923BD912900A82714 /* PersonViewModel.swift */ = {isa = PBXFileReference; lastKnownFileType = sourcecode.swift; path = PersonViewModel.swift; sourceTree = "<group>"; };
		919C586C23BD918B00A82714 /* PersonViewModelTests.swift */ = {isa = PBXFileReference; lastKnownFileType = sourcecode.swift; path = PersonViewModelTests.swift; sourceTree = "<group>"; };
		919C587023BD921D00A82714 /* PersonCollectionViewCell.swift */ = {isa = PBXFileReference; lastKnownFileType = sourcecode.swift; path = PersonCollectionViewCell.swift; sourceTree = "<group>"; };
		919C587123BD921E00A82714 /* PersonCollectionViewCell.xib */ = {isa = PBXFileReference; lastKnownFileType = file.xib; path = PersonCollectionViewCell.xib; sourceTree = "<group>"; };
		919C587623BD93EA00A82714 /* CouponViewModel.swift */ = {isa = PBXFileReference; lastKnownFileType = sourcecode.swift; path = CouponViewModel.swift; sourceTree = "<group>"; };
		91A9E47D23BD374600D02C3C /* EventsViewController.swift */ = {isa = PBXFileReference; lastKnownFileType = sourcecode.swift; path = EventsViewController.swift; sourceTree = "<group>"; };
		91A9E47E23BD374600D02C3C /* EventsViewController.xib */ = {isa = PBXFileReference; lastKnownFileType = file.xib; path = EventsViewController.xib; sourceTree = "<group>"; };
		91A9E48223BD37B500D02C3C /* Roboto-BlackItalic.ttf */ = {isa = PBXFileReference; lastKnownFileType = file; path = "Roboto-BlackItalic.ttf"; sourceTree = "<group>"; };
		91A9E48323BD37B500D02C3C /* Roboto-ThinItalic.ttf */ = {isa = PBXFileReference; lastKnownFileType = file; path = "Roboto-ThinItalic.ttf"; sourceTree = "<group>"; };
		91A9E48423BD37B500D02C3C /* Roboto-Thin.ttf */ = {isa = PBXFileReference; lastKnownFileType = file; path = "Roboto-Thin.ttf"; sourceTree = "<group>"; };
		91A9E48523BD37B600D02C3C /* Roboto-Regular.ttf */ = {isa = PBXFileReference; lastKnownFileType = file; path = "Roboto-Regular.ttf"; sourceTree = "<group>"; };
		91A9E48623BD37B600D02C3C /* Roboto-BoldItalic.ttf */ = {isa = PBXFileReference; lastKnownFileType = file; path = "Roboto-BoldItalic.ttf"; sourceTree = "<group>"; };
		91A9E48723BD37B600D02C3C /* Roboto-Black.ttf */ = {isa = PBXFileReference; lastKnownFileType = file; path = "Roboto-Black.ttf"; sourceTree = "<group>"; };
		91A9E48823BD37B600D02C3C /* Roboto-Medium.ttf */ = {isa = PBXFileReference; lastKnownFileType = file; path = "Roboto-Medium.ttf"; sourceTree = "<group>"; };
		91A9E48923BD37B600D02C3C /* Roboto-Italic.ttf */ = {isa = PBXFileReference; lastKnownFileType = file; path = "Roboto-Italic.ttf"; sourceTree = "<group>"; };
		91A9E48A23BD37B600D02C3C /* Roboto-Bold.ttf */ = {isa = PBXFileReference; lastKnownFileType = file; path = "Roboto-Bold.ttf"; sourceTree = "<group>"; };
		91A9E48B23BD37B600D02C3C /* Roboto-Light.ttf */ = {isa = PBXFileReference; lastKnownFileType = file; path = "Roboto-Light.ttf"; sourceTree = "<group>"; };
		91A9E48C23BD37B600D02C3C /* Roboto-LightItalic.ttf */ = {isa = PBXFileReference; lastKnownFileType = file; path = "Roboto-LightItalic.ttf"; sourceTree = "<group>"; };
		91A9E48D23BD37B600D02C3C /* Roboto-MediumItalic.ttf */ = {isa = PBXFileReference; lastKnownFileType = file; path = "Roboto-MediumItalic.ttf"; sourceTree = "<group>"; };
		91A9E4A423BD3B6600D02C3C /* CheckIn.swift */ = {isa = PBXFileReference; lastKnownFileType = sourcecode.swift; path = CheckIn.swift; sourceTree = "<group>"; };
		91A9E4AA23BD3C3500D02C3C /* CheckInTests.swift */ = {isa = PBXFileReference; lastKnownFileType = sourcecode.swift; path = CheckInTests.swift; sourceTree = "<group>"; };
		91A9E4AE23BD3D0C00D02C3C /* Event.swift */ = {isa = PBXFileReference; lastKnownFileType = sourcecode.swift; path = Event.swift; sourceTree = "<group>"; };
		91A9E4B223BD3D8C00D02C3C /* EventTests.swift */ = {isa = PBXFileReference; lastKnownFileType = sourcecode.swift; path = EventTests.swift; sourceTree = "<group>"; };
		91A9E4B523BD3E2400D02C3C /* Coupon.swift */ = {isa = PBXFileReference; lastKnownFileType = sourcecode.swift; path = Coupon.swift; sourceTree = "<group>"; };
		91A9E4B923BD3EBB00D02C3C /* CouponTests.swift */ = {isa = PBXFileReference; lastKnownFileType = sourcecode.swift; path = CouponTests.swift; sourceTree = "<group>"; };
		91A9E4BB23BD3F3100D02C3C /* Person.swift */ = {isa = PBXFileReference; lastKnownFileType = sourcecode.swift; path = Person.swift; sourceTree = "<group>"; };
		91A9E4BD23BD3F7100D02C3C /* PersonTests.swift */ = {isa = PBXFileReference; lastKnownFileType = sourcecode.swift; path = PersonTests.swift; sourceTree = "<group>"; };
		91A9E4BF23BD40BC00D02C3C /* EventDetail.swift */ = {isa = PBXFileReference; lastKnownFileType = sourcecode.swift; path = EventDetail.swift; sourceTree = "<group>"; };
		91A9E4C123BD413400D02C3C /* EventDetailTests.swift */ = {isa = PBXFileReference; lastKnownFileType = sourcecode.swift; path = EventDetailTests.swift; sourceTree = "<group>"; };
		91A9E4C923BD4F0F00D02C3C /* EventsApiGetEndpoint.swift */ = {isa = PBXFileReference; lastKnownFileType = sourcecode.swift; path = EventsApiGetEndpoint.swift; sourceTree = "<group>"; };
		91A9E4CC23BD4FE500D02C3C /* EventsApiGetEndpointTests.swift */ = {isa = PBXFileReference; lastKnownFileType = sourcecode.swift; path = EventsApiGetEndpointTests.swift; sourceTree = "<group>"; };
		91A9E4CE23BD505600D02C3C /* EventsApiPostEndpoint.swift */ = {isa = PBXFileReference; lastKnownFileType = sourcecode.swift; path = EventsApiPostEndpoint.swift; sourceTree = "<group>"; };
		91A9E4D023BD50CB00D02C3C /* EventsApiPostEndpointTests.swift */ = {isa = PBXFileReference; lastKnownFileType = sourcecode.swift; path = EventsApiPostEndpointTests.swift; sourceTree = "<group>"; };
		91A9E4D223BD51DD00D02C3C /* EventsApiProvider.swift */ = {isa = PBXFileReference; lastKnownFileType = sourcecode.swift; path = EventsApiProvider.swift; sourceTree = "<group>"; };
		91A9E4D423BD520000D02C3C /* EventsApiError.swift */ = {isa = PBXFileReference; lastKnownFileType = sourcecode.swift; path = EventsApiError.swift; sourceTree = "<group>"; };
		91A9E4EE23BD669000D02C3C /* EventViewModel.swift */ = {isa = PBXFileReference; lastKnownFileType = sourcecode.swift; path = EventViewModel.swift; sourceTree = "<group>"; };
		95BA9D4D51C2302D7D865C32 /* Pods_Events.framework */ = {isa = PBXFileReference; explicitFileType = wrapper.framework; includeInIndex = 0; path = Pods_Events.framework; sourceTree = BUILT_PRODUCTS_DIR; };
		9CD05A50160000AA79B4297E /* Pods_EventsTests.framework */ = {isa = PBXFileReference; explicitFileType = wrapper.framework; includeInIndex = 0; path = Pods_EventsTests.framework; sourceTree = BUILT_PRODUCTS_DIR; };
		C1EBD14641D93D5E21BA9C7A /* Pods-Events.debug.xcconfig */ = {isa = PBXFileReference; includeInIndex = 1; lastKnownFileType = text.xcconfig; name = "Pods-Events.debug.xcconfig"; path = "Target Support Files/Pods-Events/Pods-Events.debug.xcconfig"; sourceTree = "<group>"; };
		D605EA52E75AECBF3982C145 /* Pods-EventsTests.release.xcconfig */ = {isa = PBXFileReference; includeInIndex = 1; lastKnownFileType = text.xcconfig; name = "Pods-EventsTests.release.xcconfig"; path = "Target Support Files/Pods-EventsTests/Pods-EventsTests.release.xcconfig"; sourceTree = "<group>"; };
/* End PBXFileReference section */

/* Begin PBXFrameworksBuildPhase section */
		9174CD4123BD13190028E3E0 /* Frameworks */ = {
			isa = PBXFrameworksBuildPhase;
			buildActionMask = 2147483647;
			files = (
				F7D61C8F7F2F9FC245CFC0DC /* Pods_Events.framework in Frameworks */,
			);
			runOnlyForDeploymentPostprocessing = 0;
		};
		9174CD5723BD131B0028E3E0 /* Frameworks */ = {
			isa = PBXFrameworksBuildPhase;
			buildActionMask = 2147483647;
			files = (
				0AF56D410D8ECD7B6065AAB0 /* Pods_EventsTests.framework in Frameworks */,
			);
			runOnlyForDeploymentPostprocessing = 0;
		};
/* End PBXFrameworksBuildPhase section */

/* Begin PBXGroup section */
		5124643CA50260C0F93C4ED8 /* Frameworks */ = {
			isa = PBXGroup;
			children = (
				95BA9D4D51C2302D7D865C32 /* Pods_Events.framework */,
				9CD05A50160000AA79B4297E /* Pods_EventsTests.framework */,
			);
			name = Frameworks;
			sourceTree = "<group>";
		};
		9174CD3B23BD13190028E3E0 = {
			isa = PBXGroup;
			children = (
				9174CD4623BD13190028E3E0 /* Events */,
				9174CD5D23BD131B0028E3E0 /* EventsTests */,
				9174CD4523BD13190028E3E0 /* Products */,
				BA02841331A0A065EF00D02A /* Pods */,
				5124643CA50260C0F93C4ED8 /* Frameworks */,
			);
			sourceTree = "<group>";
		};
		9174CD4523BD13190028E3E0 /* Products */ = {
			isa = PBXGroup;
			children = (
				9174CD4423BD13190028E3E0 /* Events.app */,
				9174CD5A23BD131B0028E3E0 /* EventsTests.xctest */,
			);
			name = Products;
			sourceTree = "<group>";
		};
		9174CD4623BD13190028E3E0 /* Events */ = {
			isa = PBXGroup;
			children = (
				919C584923BD857500A82714 /* Data Source */,
				919C584C23BD85DF00A82714 /* Extensions */,
				91A9E49B23BD388200D02C3C /* Features */,
				91A9E48123BD379A00D02C3C /* Fonts */,
				91A9E4A123BD394000D02C3C /* Service */,
				91A9E4A023BD38F200D02C3C /* Storyboards */,
				91A9E49F23BD38E400D02C3C /* Supporting Files */,
			);
			path = Events;
			sourceTree = "<group>";
		};
		9174CD5D23BD131B0028E3E0 /* EventsTests */ = {
			isa = PBXGroup;
			children = (
				91A9E4A723BD3C1200D02C3C /* Features */,
				91A9E4CB23BD4FCA00D02C3C /* Service */,
				9174CD6023BD131B0028E3E0 /* Info.plist */,
			);
			path = EventsTests;
			sourceTree = "<group>";
		};
		919C584423BD847900A82714 /* ViewModel */ = {
			isa = PBXGroup;
			children = (
				919C584523BD848B00A82714 /* EventViewModelTests.swift */,
				919C585D23BD895500A82714 /* EventListViewModelTests.swift */,
			);
			path = ViewModel;
			sourceTree = "<group>";
		};
		919C584923BD857500A82714 /* Data Source */ = {
			isa = PBXGroup;
			children = (
				919C584F23BD85F800A82714 /* CollectionViewDataSource.swift */,
			);
			path = "Data Source";
			sourceTree = "<group>";
		};
		919C584C23BD85DF00A82714 /* Extensions */ = {
			isa = PBXGroup;
			children = (
				919C584D23BD85DF00A82714 /* UICollectionViewExtensions.swift */,
				919C585323BD878100A82714 /* UIImageView+loadImage.swift */,
				919C585123BD874200A82714 /* UIView+LayerInspectable.swift */,
			);
			path = Extensions;
			sourceTree = "<group>";
		};
		919C585923BD87F200A82714 /* Custom Cell */ = {
			isa = PBXGroup;
			children = (
				919C585523BD87E500A82714 /* EventCollectionViewCell.swift */,
				919C585623BD87E500A82714 /* EventCollectionViewCell.xib */,
			);
			path = "Custom Cell";
			sourceTree = "<group>";
		};
		919C585A23BD880400A82714 /* Controller */ = {
			isa = PBXGroup;
			children = (
				91A9E47D23BD374600D02C3C /* EventsViewController.swift */,
				91A9E47E23BD374600D02C3C /* EventsViewController.xib */,
			);
			path = Controller;
			sourceTree = "<group>";
		};
		919C586423BD8E0900A82714 /* Controller */ = {
			isa = PBXGroup;
			children = (
				919C586523BD8E1F00A82714 /* EventDetailViewController.swift */,
				919C586623BD8E1F00A82714 /* EventDetailViewController.xib */,
			);
			path = Controller;
			sourceTree = "<group>";
		};
		919C586B23BD913A00A82714 /* ViewModel */ = {
			isa = PBXGroup;
			children = (
				919C586923BD912900A82714 /* PersonViewModel.swift */,
				919C587623BD93EA00A82714 /* CouponViewModel.swift */,
			);
			path = ViewModel;
			sourceTree = "<group>";
		};
		919C586E23BD919D00A82714 /* ViewModel */ = {
			isa = PBXGroup;
			children = (
				919C586C23BD918B00A82714 /* PersonViewModelTests.swift */,
			);
			path = ViewModel;
			sourceTree = "<group>";
		};
		919C586F23BD91FE00A82714 /* View */ = {
			isa = PBXGroup;
			children = (
				919C586423BD8E0900A82714 /* Controller */,
				919C587423BD922A00A82714 /* Custom Cell */,
			);
			path = View;
			sourceTree = "<group>";
		};
		919C587423BD922A00A82714 /* Custom Cell */ = {
			isa = PBXGroup;
			children = (
				919C587023BD921D00A82714 /* PersonCollectionViewCell.swift */,
				919C587123BD921E00A82714 /* PersonCollectionViewCell.xib */,
			);
			path = "Custom Cell";
			sourceTree = "<group>";
		};
		91A9E48123BD379A00D02C3C /* Fonts */ = {
			isa = PBXGroup;
			children = (
				91A9E48723BD37B600D02C3C /* Roboto-Black.ttf */,
				91A9E48223BD37B500D02C3C /* Roboto-BlackItalic.ttf */,
				91A9E48A23BD37B600D02C3C /* Roboto-Bold.ttf */,
				91A9E48623BD37B600D02C3C /* Roboto-BoldItalic.ttf */,
				91A9E48923BD37B600D02C3C /* Roboto-Italic.ttf */,
				91A9E48B23BD37B600D02C3C /* Roboto-Light.ttf */,
				91A9E48C23BD37B600D02C3C /* Roboto-LightItalic.ttf */,
				91A9E48823BD37B600D02C3C /* Roboto-Medium.ttf */,
				91A9E48D23BD37B600D02C3C /* Roboto-MediumItalic.ttf */,
				91A9E48523BD37B600D02C3C /* Roboto-Regular.ttf */,
				91A9E48423BD37B500D02C3C /* Roboto-Thin.ttf */,
				91A9E48323BD37B500D02C3C /* Roboto-ThinItalic.ttf */,
			);
			path = Fonts;
			sourceTree = "<group>";
		};
		91A9E49B23BD388200D02C3C /* Features */ = {
			isa = PBXGroup;
			children = (
				91A9E49D23BD38AF00D02C3C /* CheckIn */,
				91A9E49C23BD389800D02C3C /* Events */,
				91A9E49E23BD38B600D02C3C /* EventDetail */,
			);
			path = Features;
			sourceTree = "<group>";
		};
		91A9E49C23BD389800D02C3C /* Events */ = {
			isa = PBXGroup;
			children = (
				91A9E4AC23BD3CE100D02C3C /* Model */,
				91A9E4AD23BD3CF900D02C3C /* View */,
				91A9E4ED23BD667F00D02C3C /* ViewModel */,
			);
			path = Events;
			sourceTree = "<group>";
		};
		91A9E49D23BD38AF00D02C3C /* CheckIn */ = {
			isa = PBXGroup;
			children = (
				91A9E4A323BD3B5200D02C3C /* Model */,
			);
			path = CheckIn;
			sourceTree = "<group>";
		};
		91A9E49E23BD38B600D02C3C /* EventDetail */ = {
			isa = PBXGroup;
			children = (
				91A9E4B423BD3E1600D02C3C /* Model */,
				919C586F23BD91FE00A82714 /* View */,
				919C586B23BD913A00A82714 /* ViewModel */,
			);
			path = EventDetail;
			sourceTree = "<group>";
		};
		91A9E49F23BD38E400D02C3C /* Supporting Files */ = {
			isa = PBXGroup;
			children = (
				9174CD4723BD13190028E3E0 /* AppDelegate.swift */,
				9174CD5023BD131B0028E3E0 /* Assets.xcassets */,
				9174CD5523BD131B0028E3E0 /* Info.plist */,
			);
			path = "Supporting Files";
			sourceTree = "<group>";
		};
		91A9E4A023BD38F200D02C3C /* Storyboards */ = {
			isa = PBXGroup;
			children = (
				9174CD5223BD131B0028E3E0 /* LaunchScreen.storyboard */,
			);
			path = Storyboards;
			sourceTree = "<group>";
		};
		91A9E4A123BD394000D02C3C /* Service */ = {
			isa = PBXGroup;
			children = (
				91A9E4D423BD520000D02C3C /* EventsApiError.swift */,
				91A9E4C923BD4F0F00D02C3C /* EventsApiGetEndpoint.swift */,
				91A9E4CE23BD505600D02C3C /* EventsApiPostEndpoint.swift */,
				91A9E4D223BD51DD00D02C3C /* EventsApiProvider.swift */,
			);
			path = Service;
			sourceTree = "<group>";
		};
		91A9E4A323BD3B5200D02C3C /* Model */ = {
			isa = PBXGroup;
			children = (
				91A9E4A423BD3B6600D02C3C /* CheckIn.swift */,
			);
			path = Model;
			sourceTree = "<group>";
		};
		91A9E4A723BD3C1200D02C3C /* Features */ = {
			isa = PBXGroup;
			children = (
				91A9E4A823BD3C1D00D02C3C /* CheckIn */,
				91A9E4B023BD3D7800D02C3C /* Events */,
				91A9E4B723BD3E8400D02C3C /* EventDetail */,
			);
			path = Features;
			sourceTree = "<group>";
		};
		91A9E4A823BD3C1D00D02C3C /* CheckIn */ = {
			isa = PBXGroup;
			children = (
				91A9E4A923BD3C2B00D02C3C /* Model */,
			);
			path = CheckIn;
			sourceTree = "<group>";
		};
		91A9E4A923BD3C2B00D02C3C /* Model */ = {
			isa = PBXGroup;
			children = (
				91A9E4AA23BD3C3500D02C3C /* CheckInTests.swift */,
			);
			path = Model;
			sourceTree = "<group>";
		};
		91A9E4AC23BD3CE100D02C3C /* Model */ = {
			isa = PBXGroup;
			children = (
				91A9E4AE23BD3D0C00D02C3C /* Event.swift */,
			);
			path = Model;
			sourceTree = "<group>";
		};
		91A9E4AD23BD3CF900D02C3C /* View */ = {
			isa = PBXGroup;
			children = (
				919C585A23BD880400A82714 /* Controller */,
				919C585923BD87F200A82714 /* Custom Cell */,
			);
			path = View;
			sourceTree = "<group>";
		};
		91A9E4B023BD3D7800D02C3C /* Events */ = {
			isa = PBXGroup;
			children = (
				91A9E4B123BD3D8000D02C3C /* Model */,
				919C584423BD847900A82714 /* ViewModel */,
			);
			path = Events;
			sourceTree = "<group>";
		};
		91A9E4B123BD3D8000D02C3C /* Model */ = {
			isa = PBXGroup;
			children = (
				91A9E4B223BD3D8C00D02C3C /* EventTests.swift */,
			);
			path = Model;
			sourceTree = "<group>";
		};
		91A9E4B423BD3E1600D02C3C /* Model */ = {
			isa = PBXGroup;
			children = (
				91A9E4B523BD3E2400D02C3C /* Coupon.swift */,
				91A9E4BF23BD40BC00D02C3C /* EventDetail.swift */,
				91A9E4BB23BD3F3100D02C3C /* Person.swift */,
			);
			path = Model;
			sourceTree = "<group>";
		};
		91A9E4B723BD3E8400D02C3C /* EventDetail */ = {
			isa = PBXGroup;
			children = (
				91A9E4B823BD3E9B00D02C3C /* Model */,
				919C586E23BD919D00A82714 /* ViewModel */,
			);
			path = EventDetail;
			sourceTree = "<group>";
		};
		91A9E4B823BD3E9B00D02C3C /* Model */ = {
			isa = PBXGroup;
			children = (
				91A9E4B923BD3EBB00D02C3C /* CouponTests.swift */,
				91A9E4C123BD413400D02C3C /* EventDetailTests.swift */,
				91A9E4BD23BD3F7100D02C3C /* PersonTests.swift */,
			);
			path = Model;
			sourceTree = "<group>";
		};
		91A9E4CB23BD4FCA00D02C3C /* Service */ = {
			isa = PBXGroup;
			children = (
				91A9E4CC23BD4FE500D02C3C /* EventsApiGetEndpointTests.swift */,
				91A9E4D023BD50CB00D02C3C /* EventsApiPostEndpointTests.swift */,
			);
			path = Service;
			sourceTree = "<group>";
		};
		91A9E4ED23BD667F00D02C3C /* ViewModel */ = {
			isa = PBXGroup;
			children = (
				91A9E4EE23BD669000D02C3C /* EventViewModel.swift */,
				919C585B23BD890800A82714 /* EventListViewModel.swift */,
			);
			path = ViewModel;
			sourceTree = "<group>";
		};
		BA02841331A0A065EF00D02A /* Pods */ = {
			isa = PBXGroup;
			children = (
				C1EBD14641D93D5E21BA9C7A /* Pods-Events.debug.xcconfig */,
				55B1D922B35C1E9A3C2A2A3B /* Pods-Events.release.xcconfig */,
				4F0E9BA06379EAD323798618 /* Pods-EventsTests.debug.xcconfig */,
				D605EA52E75AECBF3982C145 /* Pods-EventsTests.release.xcconfig */,
			);
			path = Pods;
			sourceTree = "<group>";
		};
/* End PBXGroup section */

/* Begin PBXNativeTarget section */
		9174CD4323BD13190028E3E0 /* Events */ = {
			isa = PBXNativeTarget;
			buildConfigurationList = 9174CD6323BD131B0028E3E0 /* Build configuration list for PBXNativeTarget "Events" */;
			buildPhases = (
				23C6603E5B153F7FCFA95F29 /* [CP] Check Pods Manifest.lock */,
				9174CD4023BD13190028E3E0 /* Sources */,
				9174CD4123BD13190028E3E0 /* Frameworks */,
				9174CD4223BD13190028E3E0 /* Resources */,
				729FFAD27E7CC7689CAB46DB /* [CP] Embed Pods Frameworks */,
				91A9E4A223BD3A1000D02C3C /* ShellScript */,
			);
			buildRules = (
			);
			dependencies = (
			);
			name = Events;
			productName = Events;
			productReference = 9174CD4423BD13190028E3E0 /* Events.app */;
			productType = "com.apple.product-type.application";
		};
		9174CD5923BD131B0028E3E0 /* EventsTests */ = {
			isa = PBXNativeTarget;
			buildConfigurationList = 9174CD6623BD131B0028E3E0 /* Build configuration list for PBXNativeTarget "EventsTests" */;
			buildPhases = (
				9047A9D82273ABA8790FECDF /* [CP] Check Pods Manifest.lock */,
				9174CD5623BD131B0028E3E0 /* Sources */,
				9174CD5723BD131B0028E3E0 /* Frameworks */,
				9174CD5823BD131B0028E3E0 /* Resources */,
			);
			buildRules = (
			);
			dependencies = (
				9174CD5C23BD131B0028E3E0 /* PBXTargetDependency */,
			);
			name = EventsTests;
			productName = EventsTests;
			productReference = 9174CD5A23BD131B0028E3E0 /* EventsTests.xctest */;
			productType = "com.apple.product-type.bundle.unit-test";
		};
/* End PBXNativeTarget section */

/* Begin PBXProject section */
		9174CD3C23BD13190028E3E0 /* Project object */ = {
			isa = PBXProject;
			attributes = {
				LastSwiftUpdateCheck = 1130;
				LastUpgradeCheck = 1130;
				ORGANIZATIONNAME = "Eduardo Fornari";
				TargetAttributes = {
					9174CD4323BD13190028E3E0 = {
						CreatedOnToolsVersion = 11.3;
					};
					9174CD5923BD131B0028E3E0 = {
						CreatedOnToolsVersion = 11.3;
						TestTargetID = 9174CD4323BD13190028E3E0;
					};
				};
			};
			buildConfigurationList = 9174CD3F23BD13190028E3E0 /* Build configuration list for PBXProject "Events" */;
			compatibilityVersion = "Xcode 9.3";
			developmentRegion = en;
			hasScannedForEncodings = 0;
			knownRegions = (
				en,
				Base,
			);
			mainGroup = 9174CD3B23BD13190028E3E0;
			productRefGroup = 9174CD4523BD13190028E3E0 /* Products */;
			projectDirPath = "";
			projectRoot = "";
			targets = (
				9174CD4323BD13190028E3E0 /* Events */,
				9174CD5923BD131B0028E3E0 /* EventsTests */,
			);
		};
/* End PBXProject section */

/* Begin PBXResourcesBuildPhase section */
		9174CD4223BD13190028E3E0 /* Resources */ = {
			isa = PBXResourcesBuildPhase;
			buildActionMask = 2147483647;
			files = (
				91A9E49423BD37B600D02C3C /* Roboto-Medium.ttf in Resources */,
				91A9E49923BD37B600D02C3C /* Roboto-MediumItalic.ttf in Resources */,
				91A9E48F23BD37B600D02C3C /* Roboto-ThinItalic.ttf in Resources */,
				91A9E49823BD37B600D02C3C /* Roboto-LightItalic.ttf in Resources */,
				91A9E49623BD37B600D02C3C /* Roboto-Bold.ttf in Resources */,
				919C585823BD87E500A82714 /* EventCollectionViewCell.xib in Resources */,
				91A9E49123BD37B600D02C3C /* Roboto-Regular.ttf in Resources */,
				919C587323BD921E00A82714 /* PersonCollectionViewCell.xib in Resources */,
				91A9E49223BD37B600D02C3C /* Roboto-BoldItalic.ttf in Resources */,
				9174CD5423BD131B0028E3E0 /* LaunchScreen.storyboard in Resources */,
				91A9E49023BD37B600D02C3C /* Roboto-Thin.ttf in Resources */,
				91A9E49323BD37B600D02C3C /* Roboto-Black.ttf in Resources */,
				919C586823BD8E1F00A82714 /* EventDetailViewController.xib in Resources */,
				91A9E48023BD374600D02C3C /* EventsViewController.xib in Resources */,
				91A9E49723BD37B600D02C3C /* Roboto-Light.ttf in Resources */,
				9174CD5123BD131B0028E3E0 /* Assets.xcassets in Resources */,
				91A9E49523BD37B600D02C3C /* Roboto-Italic.ttf in Resources */,
				91A9E48E23BD37B600D02C3C /* Roboto-BlackItalic.ttf in Resources */,
			);
			runOnlyForDeploymentPostprocessing = 0;
		};
		9174CD5823BD131B0028E3E0 /* Resources */ = {
			isa = PBXResourcesBuildPhase;
			buildActionMask = 2147483647;
			files = (
			);
			runOnlyForDeploymentPostprocessing = 0;
		};
/* End PBXResourcesBuildPhase section */

/* Begin PBXShellScriptBuildPhase section */
		23C6603E5B153F7FCFA95F29 /* [CP] Check Pods Manifest.lock */ = {
			isa = PBXShellScriptBuildPhase;
			buildActionMask = 2147483647;
			files = (
			);
			inputFileListPaths = (
			);
			inputPaths = (
				"${PODS_PODFILE_DIR_PATH}/Podfile.lock",
				"${PODS_ROOT}/Manifest.lock",
			);
			name = "[CP] Check Pods Manifest.lock";
			outputFileListPaths = (
			);
			outputPaths = (
				"$(DERIVED_FILE_DIR)/Pods-Events-checkManifestLockResult.txt",
			);
			runOnlyForDeploymentPostprocessing = 0;
			shellPath = /bin/sh;
			shellScript = "diff \"${PODS_PODFILE_DIR_PATH}/Podfile.lock\" \"${PODS_ROOT}/Manifest.lock\" > /dev/null\nif [ $? != 0 ] ; then\n    # print error to STDERR\n    echo \"error: The sandbox is not in sync with the Podfile.lock. Run 'pod install' or update your CocoaPods installation.\" >&2\n    exit 1\nfi\n# This output is used by Xcode 'outputs' to avoid re-running this script phase.\necho \"SUCCESS\" > \"${SCRIPT_OUTPUT_FILE_0}\"\n";
			showEnvVarsInLog = 0;
		};
		729FFAD27E7CC7689CAB46DB /* [CP] Embed Pods Frameworks */ = {
			isa = PBXShellScriptBuildPhase;
			buildActionMask = 2147483647;
			files = (
			);
			inputFileListPaths = (
				"${PODS_ROOT}/Target Support Files/Pods-Events/Pods-Events-frameworks-${CONFIGURATION}-input-files.xcfilelist",
			);
			name = "[CP] Embed Pods Frameworks";
			outputFileListPaths = (
				"${PODS_ROOT}/Target Support Files/Pods-Events/Pods-Events-frameworks-${CONFIGURATION}-output-files.xcfilelist",
			);
			runOnlyForDeploymentPostprocessing = 0;
			shellPath = /bin/sh;
			shellScript = "\"${PODS_ROOT}/Target Support Files/Pods-Events/Pods-Events-frameworks.sh\"\n";
			showEnvVarsInLog = 0;
		};
		9047A9D82273ABA8790FECDF /* [CP] Check Pods Manifest.lock */ = {
			isa = PBXShellScriptBuildPhase;
			buildActionMask = 2147483647;
			files = (
			);
			inputFileListPaths = (
			);
			inputPaths = (
				"${PODS_PODFILE_DIR_PATH}/Podfile.lock",
				"${PODS_ROOT}/Manifest.lock",
			);
			name = "[CP] Check Pods Manifest.lock";
			outputFileListPaths = (
			);
			outputPaths = (
				"$(DERIVED_FILE_DIR)/Pods-EventsTests-checkManifestLockResult.txt",
			);
			runOnlyForDeploymentPostprocessing = 0;
			shellPath = /bin/sh;
			shellScript = "diff \"${PODS_PODFILE_DIR_PATH}/Podfile.lock\" \"${PODS_ROOT}/Manifest.lock\" > /dev/null\nif [ $? != 0 ] ; then\n    # print error to STDERR\n    echo \"error: The sandbox is not in sync with the Podfile.lock. Run 'pod install' or update your CocoaPods installation.\" >&2\n    exit 1\nfi\n# This output is used by Xcode 'outputs' to avoid re-running this script phase.\necho \"SUCCESS\" > \"${SCRIPT_OUTPUT_FILE_0}\"\n";
			showEnvVarsInLog = 0;
		};
		91A9E4A223BD3A1000D02C3C /* ShellScript */ = {
			isa = PBXShellScriptBuildPhase;
			buildActionMask = 2147483647;
			files = (
			);
			inputFileListPaths = (
			);
			inputPaths = (
			);
			outputFileListPaths = (
			);
			outputPaths = (
			);
			runOnlyForDeploymentPostprocessing = 0;
			shellPath = /bin/sh;
			shellScript = "# Type a script or drag a script file from your workspace to insert its path.\nif which swiftlint >/dev/null; then\nswiftlint\nelse\necho \"warning: SwiftLint not installed, download from https://github.com/realm/SwiftLint\"\nfi\n";
		};
/* End PBXShellScriptBuildPhase section */

/* Begin PBXSourcesBuildPhase section */
		9174CD4023BD13190028E3E0 /* Sources */ = {
			isa = PBXSourcesBuildPhase;
			buildActionMask = 2147483647;
			files = (
				919C585723BD87E500A82714 /* EventCollectionViewCell.swift in Sources */,
				919C586723BD8E1F00A82714 /* EventDetailViewController.swift in Sources */,
				919C585423BD878100A82714 /* UIImageView+loadImage.swift in Sources */,
				91A9E4C023BD40BC00D02C3C /* EventDetail.swift in Sources */,
				91A9E4EF23BD669000D02C3C /* EventViewModel.swift in Sources */,
				91A9E4BC23BD3F3100D02C3C /* Person.swift in Sources */,
				91A9E4B623BD3E2400D02C3C /* Coupon.swift in Sources */,
				91A9E4AF23BD3D0C00D02C3C /* Event.swift in Sources */,
				91A9E4D323BD51DD00D02C3C /* EventsApiProvider.swift in Sources */,
				91A9E47F23BD374600D02C3C /* EventsViewController.swift in Sources */,
				919C587723BD93EA00A82714 /* CouponViewModel.swift in Sources */,
				91A9E4CF23BD505600D02C3C /* EventsApiPostEndpoint.swift in Sources */,
				919C586A23BD912900A82714 /* PersonViewModel.swift in Sources */,
				919C584E23BD85DF00A82714 /* UICollectionViewExtensions.swift in Sources */,
				91A9E4CA23BD4F0F00D02C3C /* EventsApiGetEndpoint.swift in Sources */,
				91A9E4D523BD520000D02C3C /* EventsApiError.swift in Sources */,
				919C585223BD874200A82714 /* UIView+LayerInspectable.swift in Sources */,
				91A9E4A523BD3B6600D02C3C /* CheckIn.swift in Sources */,
				919C585C23BD890800A82714 /* EventListViewModel.swift in Sources */,
				9174CD4823BD13190028E3E0 /* AppDelegate.swift in Sources */,
				919C587223BD921E00A82714 /* PersonCollectionViewCell.swift in Sources */,
				919C585023BD85F800A82714 /* CollectionViewDataSource.swift in Sources */,
			);
			runOnlyForDeploymentPostprocessing = 0;
		};
		9174CD5623BD131B0028E3E0 /* Sources */ = {
			isa = PBXSourcesBuildPhase;
			buildActionMask = 2147483647;
			files = (
				91A9E4BA23BD3EBB00D02C3C /* CouponTests.swift in Sources */,
				91A9E4B323BD3D8C00D02C3C /* EventTests.swift in Sources */,
				91A9E4C223BD413400D02C3C /* EventDetailTests.swift in Sources */,
				91A9E4CD23BD4FE500D02C3C /* EventsApiGetEndpointTests.swift in Sources */,
				91A9E4D123BD50CB00D02C3C /* EventsApiPostEndpointTests.swift in Sources */,
				919C584623BD848B00A82714 /* EventViewModelTests.swift in Sources */,
				919C585E23BD895500A82714 /* EventListViewModelTests.swift in Sources */,
				91A9E4BE23BD3F7100D02C3C /* PersonTests.swift in Sources */,
				91A9E4AB23BD3C3500D02C3C /* CheckInTests.swift in Sources */,
				919C586D23BD918B00A82714 /* PersonViewModelTests.swift in Sources */,
			);
			runOnlyForDeploymentPostprocessing = 0;
		};
/* End PBXSourcesBuildPhase section */

/* Begin PBXTargetDependency section */
		9174CD5C23BD131B0028E3E0 /* PBXTargetDependency */ = {
			isa = PBXTargetDependency;
			target = 9174CD4323BD13190028E3E0 /* Events */;
			targetProxy = 9174CD5B23BD131B0028E3E0 /* PBXContainerItemProxy */;
		};
/* End PBXTargetDependency section */

/* Begin PBXVariantGroup section */
		9174CD5223BD131B0028E3E0 /* LaunchScreen.storyboard */ = {
			isa = PBXVariantGroup;
			children = (
				9174CD5323BD131B0028E3E0 /* Base */,
			);
			name = LaunchScreen.storyboard;
			sourceTree = "<group>";
		};
/* End PBXVariantGroup section */

/* Begin XCBuildConfiguration section */
		9174CD6123BD131B0028E3E0 /* Debug */ = {
			isa = XCBuildConfiguration;
			buildSettings = {
				ALWAYS_SEARCH_USER_PATHS = NO;
				CLANG_ANALYZER_NONNULL = YES;
				CLANG_ANALYZER_NUMBER_OBJECT_CONVERSION = YES_AGGRESSIVE;
				CLANG_CXX_LANGUAGE_STANDARD = "gnu++14";
				CLANG_CXX_LIBRARY = "libc++";
				CLANG_ENABLE_MODULES = YES;
				CLANG_ENABLE_OBJC_ARC = YES;
				CLANG_ENABLE_OBJC_WEAK = YES;
				CLANG_WARN_BLOCK_CAPTURE_AUTORELEASING = YES;
				CLANG_WARN_BOOL_CONVERSION = YES;
				CLANG_WARN_COMMA = YES;
				CLANG_WARN_CONSTANT_CONVERSION = YES;
				CLANG_WARN_DEPRECATED_OBJC_IMPLEMENTATIONS = YES;
				CLANG_WARN_DIRECT_OBJC_ISA_USAGE = YES_ERROR;
				CLANG_WARN_DOCUMENTATION_COMMENTS = YES;
				CLANG_WARN_EMPTY_BODY = YES;
				CLANG_WARN_ENUM_CONVERSION = YES;
				CLANG_WARN_INFINITE_RECURSION = YES;
				CLANG_WARN_INT_CONVERSION = YES;
				CLANG_WARN_NON_LITERAL_NULL_CONVERSION = YES;
				CLANG_WARN_OBJC_IMPLICIT_RETAIN_SELF = YES;
				CLANG_WARN_OBJC_LITERAL_CONVERSION = YES;
				CLANG_WARN_OBJC_ROOT_CLASS = YES_ERROR;
				CLANG_WARN_RANGE_LOOP_ANALYSIS = YES;
				CLANG_WARN_STRICT_PROTOTYPES = YES;
				CLANG_WARN_SUSPICIOUS_MOVE = YES;
				CLANG_WARN_UNGUARDED_AVAILABILITY = YES_AGGRESSIVE;
				CLANG_WARN_UNREACHABLE_CODE = YES;
				CLANG_WARN__DUPLICATE_METHOD_MATCH = YES;
				COPY_PHASE_STRIP = NO;
				DEBUG_INFORMATION_FORMAT = dwarf;
				ENABLE_STRICT_OBJC_MSGSEND = YES;
				ENABLE_TESTABILITY = YES;
				GCC_C_LANGUAGE_STANDARD = gnu11;
				GCC_DYNAMIC_NO_PIC = NO;
				GCC_NO_COMMON_BLOCKS = YES;
				GCC_OPTIMIZATION_LEVEL = 0;
				GCC_PREPROCESSOR_DEFINITIONS = (
					"DEBUG=1",
					"$(inherited)",
				);
				GCC_WARN_64_TO_32_BIT_CONVERSION = YES;
				GCC_WARN_ABOUT_RETURN_TYPE = YES_ERROR;
				GCC_WARN_UNDECLARED_SELECTOR = YES;
				GCC_WARN_UNINITIALIZED_AUTOS = YES_AGGRESSIVE;
				GCC_WARN_UNUSED_FUNCTION = YES;
				GCC_WARN_UNUSED_VARIABLE = YES;
				IPHONEOS_DEPLOYMENT_TARGET = 10.0;
				MTL_ENABLE_DEBUG_INFO = INCLUDE_SOURCE;
				MTL_FAST_MATH = YES;
				ONLY_ACTIVE_ARCH = YES;
				SDKROOT = iphoneos;
				SWIFT_ACTIVE_COMPILATION_CONDITIONS = DEBUG;
				SWIFT_OPTIMIZATION_LEVEL = "-Onone";
			};
			name = Debug;
		};
		9174CD6223BD131B0028E3E0 /* Release */ = {
			isa = XCBuildConfiguration;
			buildSettings = {
				ALWAYS_SEARCH_USER_PATHS = NO;
				CLANG_ANALYZER_NONNULL = YES;
				CLANG_ANALYZER_NUMBER_OBJECT_CONVERSION = YES_AGGRESSIVE;
				CLANG_CXX_LANGUAGE_STANDARD = "gnu++14";
				CLANG_CXX_LIBRARY = "libc++";
				CLANG_ENABLE_MODULES = YES;
				CLANG_ENABLE_OBJC_ARC = YES;
				CLANG_ENABLE_OBJC_WEAK = YES;
				CLANG_WARN_BLOCK_CAPTURE_AUTORELEASING = YES;
				CLANG_WARN_BOOL_CONVERSION = YES;
				CLANG_WARN_COMMA = YES;
				CLANG_WARN_CONSTANT_CONVERSION = YES;
				CLANG_WARN_DEPRECATED_OBJC_IMPLEMENTATIONS = YES;
				CLANG_WARN_DIRECT_OBJC_ISA_USAGE = YES_ERROR;
				CLANG_WARN_DOCUMENTATION_COMMENTS = YES;
				CLANG_WARN_EMPTY_BODY = YES;
				CLANG_WARN_ENUM_CONVERSION = YES;
				CLANG_WARN_INFINITE_RECURSION = YES;
				CLANG_WARN_INT_CONVERSION = YES;
				CLANG_WARN_NON_LITERAL_NULL_CONVERSION = YES;
				CLANG_WARN_OBJC_IMPLICIT_RETAIN_SELF = YES;
				CLANG_WARN_OBJC_LITERAL_CONVERSION = YES;
				CLANG_WARN_OBJC_ROOT_CLASS = YES_ERROR;
				CLANG_WARN_RANGE_LOOP_ANALYSIS = YES;
				CLANG_WARN_STRICT_PROTOTYPES = YES;
				CLANG_WARN_SUSPICIOUS_MOVE = YES;
				CLANG_WARN_UNGUARDED_AVAILABILITY = YES_AGGRESSIVE;
				CLANG_WARN_UNREACHABLE_CODE = YES;
				CLANG_WARN__DUPLICATE_METHOD_MATCH = YES;
				COPY_PHASE_STRIP = NO;
				DEBUG_INFORMATION_FORMAT = "dwarf-with-dsym";
				ENABLE_NS_ASSERTIONS = NO;
				ENABLE_STRICT_OBJC_MSGSEND = YES;
				GCC_C_LANGUAGE_STANDARD = gnu11;
				GCC_NO_COMMON_BLOCKS = YES;
				GCC_WARN_64_TO_32_BIT_CONVERSION = YES;
				GCC_WARN_ABOUT_RETURN_TYPE = YES_ERROR;
				GCC_WARN_UNDECLARED_SELECTOR = YES;
				GCC_WARN_UNINITIALIZED_AUTOS = YES_AGGRESSIVE;
				GCC_WARN_UNUSED_FUNCTION = YES;
				GCC_WARN_UNUSED_VARIABLE = YES;
				IPHONEOS_DEPLOYMENT_TARGET = 10.0;
				MTL_ENABLE_DEBUG_INFO = NO;
				MTL_FAST_MATH = YES;
				SDKROOT = iphoneos;
				SWIFT_COMPILATION_MODE = wholemodule;
				SWIFT_OPTIMIZATION_LEVEL = "-O";
				VALIDATE_PRODUCT = YES;
			};
			name = Release;
		};
		9174CD6423BD131B0028E3E0 /* Debug */ = {
			isa = XCBuildConfiguration;
			baseConfigurationReference = C1EBD14641D93D5E21BA9C7A /* Pods-Events.debug.xcconfig */;
			buildSettings = {
				ASSETCATALOG_COMPILER_APPICON_NAME = AppIcon;
				CODE_SIGN_STYLE = Automatic;
				INFOPLIST_FILE = "Events/Supporting Files/Info.plist";
				LD_RUNPATH_SEARCH_PATHS = (
					"$(inherited)",
					"@executable_path/Frameworks",
				);
				PRODUCT_BUNDLE_IDENTIFIER = com.fornari.Events;
				PRODUCT_NAME = "$(TARGET_NAME)";
				SWIFT_VERSION = 5.0;
				TARGETED_DEVICE_FAMILY = "1,2";
			};
			name = Debug;
		};
		9174CD6523BD131B0028E3E0 /* Release */ = {
			isa = XCBuildConfiguration;
			baseConfigurationReference = 55B1D922B35C1E9A3C2A2A3B /* Pods-Events.release.xcconfig */;
			buildSettings = {
				ASSETCATALOG_COMPILER_APPICON_NAME = AppIcon;
				CODE_SIGN_STYLE = Automatic;
				INFOPLIST_FILE = "Events/Supporting Files/Info.plist";
				LD_RUNPATH_SEARCH_PATHS = (
					"$(inherited)",
					"@executable_path/Frameworks",
				);
				PRODUCT_BUNDLE_IDENTIFIER = com.fornari.Events;
				PRODUCT_NAME = "$(TARGET_NAME)";
				SWIFT_VERSION = 5.0;
				TARGETED_DEVICE_FAMILY = "1,2";
			};
			name = Release;
		};
		9174CD6723BD131B0028E3E0 /* Debug */ = {
			isa = XCBuildConfiguration;
			baseConfigurationReference = 4F0E9BA06379EAD323798618 /* Pods-EventsTests.debug.xcconfig */;
			buildSettings = {
				ALWAYS_EMBED_SWIFT_STANDARD_LIBRARIES = YES;
				BUNDLE_LOADER = "$(TEST_HOST)";
				CODE_SIGN_STYLE = Automatic;
				INFOPLIST_FILE = EventsTests/Info.plist;
				IPHONEOS_DEPLOYMENT_TARGET = 10.0;
				LD_RUNPATH_SEARCH_PATHS = (
					"$(inherited)",
					"@executable_path/Frameworks",
					"@loader_path/Frameworks",
				);
				PRODUCT_BUNDLE_IDENTIFIER = com.fornari.EventsTests;
				PRODUCT_NAME = "$(TARGET_NAME)";
				SWIFT_VERSION = 5.0;
				TARGETED_DEVICE_FAMILY = "1,2";
				TEST_HOST = "$(BUILT_PRODUCTS_DIR)/Events.app/Events";
			};
			name = Debug;
		};
		9174CD6823BD131B0028E3E0 /* Release */ = {
			isa = XCBuildConfiguration;
			baseConfigurationReference = D605EA52E75AECBF3982C145 /* Pods-EventsTests.release.xcconfig */;
			buildSettings = {
				ALWAYS_EMBED_SWIFT_STANDARD_LIBRARIES = YES;
				BUNDLE_LOADER = "$(TEST_HOST)";
				CODE_SIGN_STYLE = Automatic;
				INFOPLIST_FILE = EventsTests/Info.plist;
				IPHONEOS_DEPLOYMENT_TARGET = 10.0;
				LD_RUNPATH_SEARCH_PATHS = (
					"$(inherited)",
					"@executable_path/Frameworks",
					"@loader_path/Frameworks",
				);
				PRODUCT_BUNDLE_IDENTIFIER = com.fornari.EventsTests;
				PRODUCT_NAME = "$(TARGET_NAME)";
				SWIFT_VERSION = 5.0;
				TARGETED_DEVICE_FAMILY = "1,2";
				TEST_HOST = "$(BUILT_PRODUCTS_DIR)/Events.app/Events";
			};
			name = Release;
		};
/* End XCBuildConfiguration section */

/* Begin XCConfigurationList section */
		9174CD3F23BD13190028E3E0 /* Build configuration list for PBXProject "Events" */ = {
			isa = XCConfigurationList;
			buildConfigurations = (
				9174CD6123BD131B0028E3E0 /* Debug */,
				9174CD6223BD131B0028E3E0 /* Release */,
			);
			defaultConfigurationIsVisible = 0;
			defaultConfigurationName = Release;
		};
		9174CD6323BD131B0028E3E0 /* Build configuration list for PBXNativeTarget "Events" */ = {
			isa = XCConfigurationList;
			buildConfigurations = (
				9174CD6423BD131B0028E3E0 /* Debug */,
				9174CD6523BD131B0028E3E0 /* Release */,
			);
			defaultConfigurationIsVisible = 0;
			defaultConfigurationName = Release;
		};
		9174CD6623BD131B0028E3E0 /* Build configuration list for PBXNativeTarget "EventsTests" */ = {
			isa = XCConfigurationList;
			buildConfigurations = (
				9174CD6723BD131B0028E3E0 /* Debug */,
				9174CD6823BD131B0028E3E0 /* Release */,
			);
			defaultConfigurationIsVisible = 0;
			defaultConfigurationName = Release;
		};
/* End XCConfigurationList section */
	};
	rootObject = 9174CD3C23BD13190028E3E0 /* Project object */;
}
